
Microsoft Visual Studio Solution File, Format Version 12.00
# Visual Studio Version 16
VisualStudioVersion = 16.0.30717.126
MinimumVisualStudioVersion = 10.0.40219.1
Project("{FAE04EC0-301F-11D3-BF4B-00C04F79EFBC}") = "PizzaKulesi", "PizzaKulesi\PizzaKulesi.csproj", "{6F7D7860-0475-4F49-A714-A4E4EE7B1443}"
EndProject
Global
	GlobalSection(SolutionConfigurationPlatforms) = preSolution
		Debug|Any CPU = Debug|Any CPU
		Release|Any CPU = Release|Any CPU
	EndGlobalSection
	GlobalSection(ProjectConfigurationPlatforms) = postSolution
		{6F7D7860-0475-4F49-A714-A4E4EE7B1443}.Debug|Any CPU.ActiveCfg = Debug|Any CPU
		{6F7D7860-0475-4F49-A714-A4E4EE7B1443}.Debug|Any CPU.Build.0 = Debug|Any CPU
		{6F7D7860-0475-4F49-A714-A4E4EE7B1443}.Release|Any CPU.ActiveCfg = Release|Any CPU
		{6F7D7860-0475-4F49-A714-A4E4EE7B1443}.Release|Any CPU.Build.0 = Release|Any CPU
	EndGlobalSection
	GlobalSection(SolutionProperties) = preSolution
		HideSolutionNode = FALSE
	EndGlobalSection
	GlobalSection(ExtensibilityGlobals) = postSolution
		SolutionGuid = {0A2C3FDB-0AF8-4B8A-9A8B-2682AAC6C5C1}
	EndGlobalSection
EndGlobal
